{
	"name": "@serialport/bindings",
	"version": "9.2.4",
	"lockfileVersion": 1,
	"requires": true,
	"dependencies": {
		"@serialport/binding-abstract": {
			"version": "9.2.3",
			"resolved": "https://registry.npmjs.org/@serialport/binding-abstract/-/binding-abstract-9.2.3.tgz",
			"integrity": "sha512-cQs9tbIlG3P0IrOWyVirqlhWuJ7Ms2Zh9m2108z6Y5UW/iVj6wEOiW8EmK9QX9jmJXYllE7wgGgvVozP5oCj3w==",
			"requires": {
				"debug": "^4.3.2"
			}
		},
		"@serialport/binding-mock": {
			"version": "9.2.4",
			"resolved": "https://registry.npmjs.org/@serialport/binding-mock/-/binding-mock-9.2.4.tgz",
			"integrity": "sha512-dpEhACCs44oQhh6ajJfJdvQdK38Vq0N4W6iD/gdplglDCK7qXRQCMUjJIeKdS/HSEiWkC3bwumUhUufdsOyT4g==",
			"dev": true,
			"requires": {
				"@serialport/binding-abstract": "9.2.3",
				"debug": "^4.3.2"
			}
		},
		"@serialport/parser-delimiter": {
			"version": "9.2.4",
			"resolved": "https://registry.npmjs.org/@serialport/parser-delimiter/-/parser-delimiter-9.2.4.tgz",
			"integrity": "sha512-4nvTAoYAgkxFiXrkI+3CA49Yd43CODjeszh89EK+I9c8wOZ+etZduRCzINYPiy26g7zO+GRAb9FoPCsY+sYcbQ=="
		},
		"@serialport/parser-readline": {
			"version": "9.2.4",
			"resolved": "https://registry.npmjs.org/@serialport/parser-readline/-/parser-readline-9.2.4.tgz",
			"integrity": "sha512-Z1/qrZTQUVhNSJP1hd9YfDvq0o7d87rNwAjjRKbVpa7Qi51tG5BnKt43IV3NFMyBlVcRe0rnIb3tJu57E0SOwg==",
			"requires": {
				"@serialport/parser-delimiter": "9.2.4"
			}
		},
		"bindings": {
			"version": "1.5.0",
			"resolved": "https://registry.npmjs.org/bindings/-/bindings-1.5.0.tgz",
			"integrity": "sha512-p2q/t/mhvuOj/UeLlV6566GD/guowlr0hHxClI0W9m7MWYkL1F0hLo+0Aexs9HSPCtR1SXQ0TD3MMKrXZajbiQ==",
			"requires": {
				"file-uri-to-path": "1.0.0"
			}
		},
		"debug": {
			"version": "4.3.2",
			"resolved": "https://registry.npmjs.org/debug/-/debug-4.3.2.tgz",
			"integrity": "sha512-mOp8wKcvj7XxC78zLgw/ZA+6TSgkoE2C/ienthhRD298T7UNwAg9diBpLRxC0mOezLl4B0xV7M0cCO6P/O0Xhw==",
			"requires": {
				"ms": "2.1.2"
			}
		},
		"file-uri-to-path": {
			"version": "1.0.0",
			"resolved": "https://registry.npmjs.org/file-uri-to-path/-/file-uri-to-path-1.0.0.tgz",
			"integrity": "sha512-0Zt+s3L7Vf1biwWZ29aARiVYLx7iMGnEUl9x33fbB/j3jR81u/O2LbqK+Bm1CDSNDKVtJ/YjwY7TUd5SkeLQLw=="
		},
		"lru-cache": {
			"version": "6.0.0",
			"resolved": "https://registry.npmjs.org/lru-cache/-/lru-cache-6.0.0.tgz",
			"integrity": "sha512-Jo6dJ04CmSjuznwJSS3pUeWmd/H0ffTlkXXgwZi+eq1UCmqQwCh+eLsYOYCwY991i2Fah4h1BEMCx4qThGbsiA==",
			"dev": true,
			"requires": {
				"yallist": "^4.0.0"
			}
		},
		"ms": {
			"version": "2.1.2",
			"resolved": "https://registry.npmjs.org/ms/-/ms-2.1.2.tgz",
			"integrity": "sha512-sGkPx+VjMtmA6MX27oA4FBFELFCZZ4S4XqeGOXCv68tT+jb3vk/RyaKWP0PTKyWtmLSM0b+adUTEvbs1PEaH2w=="
		},
		"node-abi": {
			"version": "3.2.0",
			"resolved": "https://registry.npmjs.org/node-abi/-/node-abi-3.2.0.tgz",
			"integrity": "sha512-/qb92JAb2uiwEQ4aXpVphXfGJU77qdCieXACDaIofcMz+YMPBmnCo8v0OlzJBuXh5QHmMiiI/GKyiCzbjOMn2g==",
			"dev": true,
			"requires": {
				"semver": "^7.3.5"
			}
		},
		"node-addon-api": {
			"version": "4.2.0",
			"resolved": "https://registry.npmjs.org/node-addon-api/-/node-addon-api-4.2.0.tgz",
			"integrity": "sha512-eazsqzwG2lskuzBqCGPi7Ac2UgOoMz8JVOXVhTvvPDYhthvNpefx8jWD8Np7Gv+2Sz0FlPWZk0nJV0z598Wn8Q=="
		},
		"node-gyp-build": {
			"version": "4.3.0",
			"resolved": "https://registry.npmjs.org/node-gyp-build/-/node-gyp-build-4.3.0.tgz",
			"integrity": "sha512-iWjXZvmboq0ja1pUGULQBexmxq8CV4xBhX7VDOTbL7ZR4FOowwY/VOtRxBN/yKxmdGoIp4j5ysNT4u3S2pDQ3Q=="
		},
		"semver": {
			"version": "7.3.5",
			"resolved": "https://registry.npmjs.org/semver/-/semver-7.3.5.tgz",
			"integrity": "sha512-PoeGJYh8HK4BTO/a9Tf6ZG3veo/A7ZVsYrSA6J8ny9nb3B1VrpkuN+z9OE5wfE5p6H4LchYZsegiQgbJD94ZFQ==",
			"dev": true,
			"requires": {
				"lru-cache": "^6.0.0"
			}
		},
		"yallist": {
			"version": "4.0.0",
			"resolved": "https://registry.npmjs.org/yallist/-/yallist-4.0.0.tgz",
			"integrity": "sha512-3wdGidZyq5PB084XLES5TpOSRA3wjXAlIWMhum2kRcv/41Sn2emQ0dycQW4uZXLejwKvg6EsvbdlVL+FYEct7A==",
			"dev": true
		}
	}
}
